<?xml version="1.0" encoding="utf-8"?>
<Project ToolsVersion="4.0" xmlns="http://schemas.microsoft.com/developer/msbuild/2003">
  <ItemGroup>
    <ClCompile Include="Source\Application.cpp">
      <Filter>Source FIles</Filter>
    </ClCompile>
    <ClCompile Include="Source\Camera.cpp">
      <Filter>Source FIles</Filter>
    </ClCompile>
    <ClCompile Include="Source\Camera2.cpp">
      <Filter>Source FIles</Filter>
    </ClCompile>
    <ClCompile Include="Source\Camera3.cpp">
      <Filter>Source FIles</Filter>
    </ClCompile>
    <ClCompile Include="Source\Collision_detector.cpp">
      <Filter>Source FIles</Filter>
    </ClCompile>
    <ClCompile Include="Source\cornercoord.cpp">
      <Filter>Source FIles</Filter>
    </ClCompile>
    <ClCompile Include="Source\DepthFBO.cpp">
      <Filter>Source FIles</Filter>
    </ClCompile>
    <ClCompile Include="Source\Enemy.cpp">
      <Filter>Source FIles</Filter>
    </ClCompile>
    <ClCompile Include="Source\InitMeshList.cpp">
      <Filter>Source FIles</Filter>
    </ClCompile>
    <ClCompile Include="Source\InitObjects.cpp">
      <Filter>Source FIles</Filter>
    </ClCompile>
    <ClCompile Include="Source\InitShaderUniforms.cpp">
      <Filter>Source FIles</Filter>
    </ClCompile>
    <ClCompile Include="Source\InitSounds.cpp">
      <Filter>Source FIles</Filter>
    </ClCompile>
    <ClCompile Include="Source\InitWeapons.cpp">
      <Filter>Source FIles</Filter>
    </ClCompile>
    <ClCompile Include="Source\Jump.cpp">
      <Filter>Source FIles</Filter>
    </ClCompile>
    <ClCompile Include="Source\LoadHmap.cpp">
      <Filter>Source FIles</Filter>
    </ClCompile>
    <ClCompile Include="Source\Loadcornercoord.cpp">
      <Filter>Source FIles</Filter>
    </ClCompile>
    <ClCompile Include="Source\LoadOBJ.cpp">
      <Filter>Source FIles</Filter>
    </ClCompile>
    <ClCompile Include="Source\LoadTexture.cpp">
      <Filter>Source FIles</Filter>
    </ClCompile>
    <ClCompile Include="Source\LoadTGA.cpp">
      <Filter>Source FIles</Filter>
    </ClCompile>
    <ClCompile Include="Source\main.cpp">
      <Filter>Source FIles</Filter>
    </ClCompile>
    <ClCompile Include="Source\Mesh.cpp">
      <Filter>Source FIles</Filter>
    </ClCompile>
    <ClCompile Include="Source\MeshBuilder.cpp">
      <Filter>Source FIles</Filter>
    </ClCompile>
    <ClCompile Include="Source\ObjManager.cpp">
      <Filter>Source FIles</Filter>
    </ClCompile>
    <ClCompile Include="Source\PartcleSystemManager.cpp">
      <Filter>Source FIles</Filter>
    </ClCompile>
    <ClCompile Include="Source\Particle.cpp">
      <Filter>Source FIles</Filter>
    </ClCompile>
    <ClCompile Include="Source\ParticleSystem.cpp">
      <Filter>Source FIles</Filter>
    </ClCompile>
    <ClCompile Include="Source\Weapon\Pistol.cpp">
      <Filter>Source FIles</Filter>
    </ClCompile>
    <ClCompile Include="Source\Player.cpp">
      <Filter>Source FIles</Filter>
    </ClCompile>
    <ClCompile Include="Source\Weapon\Projectile.cpp">
      <Filter>Source FIles</Filter>
    </ClCompile>
    <ClCompile Include="Source\raytracing.cpp">
      <Filter>Source FIles</Filter>
    </ClCompile>
    <ClCompile Include="Source\RenderMesh.cpp">
      <Filter>Source FIles</Filter>
    </ClCompile>
    <ClCompile Include="Source\SceneBasic.cpp">
      <Filter>Source FIles</Filter>
    </ClCompile>
    <ClCompile Include="Source\SceneMenu\SceneMenu.cpp">
      <Filter>Source FIles</Filter>
    </ClCompile>
    <ClCompile Include="Source\SceneManager\SceneManager.cpp">
      <Filter>Source FIles</Filter>
    </ClCompile>
    <ClCompile Include="Source\shader.cpp">
      <Filter>Source FIles</Filter>
    </ClCompile>
    <ClCompile Include="Source\Weapon\Shotgun.cpp">
      <Filter>Source FIles</Filter>
    </ClCompile>
    <ClCompile Include="Source\SoundController\SoundController.cpp">
      <Filter>Source FIles</Filter>
    </ClCompile>
    <ClCompile Include="Source\Weapon\Sniper.cpp">
      <Filter>Source FIles</Filter>
    </ClCompile>
    <ClCompile Include="Source\SoundController\SoundInfo.cpp">
      <Filter>Source FIles</Filter>
    </ClCompile>
    <ClCompile Include="Source\SpriteAnimation.cpp">
      <Filter>Source FIles</Filter>
    </ClCompile>
    <ClCompile Include="Source\Weapon\Taser.cpp">
      <Filter>Source FIles</Filter>
    </ClCompile>
    <ClCompile Include="Source\Utility.cpp">
      <Filter>Source FIles</Filter>
    </ClCompile>
    <ClCompile Include="Source\Weapon\Weapon.cpp">
      <Filter>Source FIles</Filter>
    </ClCompile>
    <ClCompile Include="Source\UpdateLights.cpp">
      <Filter>Source FIles</Filter>
    </ClCompile>
    <ClCompile Include="Source\Initialize_Settings\InitLightSettings.cpp">
      <Filter>Source FIles</Filter>
    </ClCompile>
    <ClCompile Include="Source\SceneWin\SceneWin.cpp" />
    <ClCompile Include="Source\SceneLose\SceneLose.cpp" />
  </ItemGroup>
  <ItemGroup>
    <ClInclude Include="Source\Animation.h">
      <Filter>Header Files</Filter>
    </ClInclude>
    <ClInclude Include="Source\Application.h">
      <Filter>Header Files</Filter>
    </ClInclude>
    <ClInclude Include="Source\Camera.h">
      <Filter>Header Files</Filter>
    </ClInclude>
    <ClInclude Include="Source\Camera2.h">
      <Filter>Header Files</Filter>
    </ClInclude>
    <ClInclude Include="Source\Camera3.h">
      <Filter>Header Files</Filter>
    </ClInclude>
    <ClInclude Include="Source\Collision_detector.h">
      <Filter>Header Files</Filter>
    </ClInclude>
    <ClInclude Include="Source\cornercoord.h">
      <Filter>Header Files</Filter>
    </ClInclude>
    <ClInclude Include="Source\DepthFBO.h">
      <Filter>Header Files</Filter>
    </ClInclude>
    <ClInclude Include="Source\Enemy.h">
      <Filter>Header Files</Filter>
    </ClInclude>
    <ClInclude Include="Source\Jump.h">
      <Filter>Header Files</Filter>
    </ClInclude>
    <ClInclude Include="Source\Light.h">
      <Filter>Header Files</Filter>
    </ClInclude>
    <ClInclude Include="Source\Global_Constants\GAME_STATES.h">
      <Filter>Header Files</Filter>
    </ClInclude>
    <ClInclude Include="Source\LoadHmap.h">
      <Filter>Header Files</Filter>
    </ClInclude>
    <ClInclude Include="Source\Loadcornercoord.h">
      <Filter>Header Files</Filter>
    </ClInclude>
    <ClInclude Include="Source\LoadOBJ.h">
      <Filter>Header Files</Filter>
    </ClInclude>
    <ClInclude Include="Source\LoadTexture.h">
      <Filter>Header Files</Filter>
    </ClInclude>
    <ClInclude Include="Source\LoadTGA.h">
      <Filter>Header Files</Filter>
    </ClInclude>
    <ClInclude Include="Source\Material.h">
      <Filter>Header Files</Filter>
    </ClInclude>
    <ClInclude Include="Source\Mesh.h">
      <Filter>Header Files</Filter>
    </ClInclude>
    <ClInclude Include="Source\MeshBuilder.h">
      <Filter>Header Files</Filter>
    </ClInclude>
    <ClInclude Include="Source\Obj.h">
      <Filter>Header Files</Filter>
    </ClInclude>
    <ClInclude Include="Source\Particle.h">
      <Filter>Header Files</Filter>
    </ClInclude>
    <ClInclude Include="Source\ParticleSystem.h">
      <Filter>Header Files</Filter>
    </ClInclude>
    <ClInclude Include="Source\Weapon\Pistol.h">
      <Filter>Header Files</Filter>
    </ClInclude>
    <ClInclude Include="Source\Player.h">
      <Filter>Header Files</Filter>
    </ClInclude>
    <ClInclude Include="Source\Weapon\Projectile.h">
      <Filter>Header Files</Filter>
    </ClInclude>
    <ClInclude Include="Source\raytracing.h">
      <Filter>Header Files</Filter>
    </ClInclude>
    <ClInclude Include="Source\Scene.h">
      <Filter>Header Files</Filter>
    </ClInclude>
    <ClInclude Include="Source\SceneBasic.h">
      <Filter>Header Files</Filter>
    </ClInclude>
    <ClInclude Include="Source\SceneManager\SceneManager.h">
      <Filter>Header Files</Filter>
    </ClInclude>
    <ClInclude Include="Source\SceneMenu\SceneMenu.h">
      <Filter>Header Files</Filter>
    </ClInclude>
    <ClInclude Include="Source\shader.hpp">
      <Filter>Header Files</Filter>
    </ClInclude>
    <ClInclude Include="Source\Weapon\Shotgun.h">
      <Filter>Header Files</Filter>
    </ClInclude>
    <ClInclude Include="Source\Weapon\Sniper.h">
      <Filter>Header Files</Filter>
    </ClInclude>
    <ClInclude Include="Source\SoundController\SoundController.h">
      <Filter>Header Files</Filter>
    </ClInclude>
    <ClInclude Include="Source\SoundController\SoundInfo.h">
      <Filter>Header Files</Filter>
    </ClInclude>
    <ClInclude Include="Source\SpriteAnimation.h">
      <Filter>Header Files</Filter>
    </ClInclude>
    <ClInclude Include="Source\Weapon\Taser.h">
      <Filter>Header Files</Filter>
    </ClInclude>
    <ClInclude Include="Source\UNIFORM_TYPE.h">
      <Filter>Header Files</Filter>
    </ClInclude>
    <ClInclude Include="Source\Utility.h">
      <Filter>Header Files</Filter>
    </ClInclude>
    <ClInclude Include="Source\Vertex.h">
      <Filter>Header Files</Filter>
    </ClInclude>
    <ClInclude Include="Source\Weapon\Weapon.h">
      <Filter>Header Files</Filter>
    </ClInclude>
    <ClInclude Include="Source\PartcleSystemManager.h">
      <Filter>Header Files</Filter>
    </ClInclude>
    <ClInclude Include="Source\ObjManager.h">
      <Filter>Header Files</Filter>
    </ClInclude>
    <ClInclude Include="Source\SceneWin\SceneWin.h" />
    <ClInclude Include="Source\SceneLose\SceneLose.h" />
  </ItemGroup>
  <ItemGroup>
    <ClInclude Include="Source\Application.h">
      <Filter>Header Files</Filter>
    </ClInclude>
    <ClInclude Include="Source\shader.hpp">
      <Filter>Header Files</Filter>
    </ClInclude>
    <ClInclude Include="Source\Camera.h">
      <Filter>Header Files</Filter>
    </ClInclude>
    <ClInclude Include="Source\Camera2.h">
      <Filter>Header Files</Filter>
    </ClInclude>
    <ClInclude Include="Source\Mesh.h">
      <Filter>Header Files</Filter>
    </ClInclude>
    <ClInclude Include="Source\Vertex.h">
      <Filter>Header Files</Filter>
    </ClInclude>
    <ClInclude Include="Source\MeshBuilder.h">
      <Filter>Header Files</Filter>
    </ClInclude>
    <ClInclude Include="Source\Light.h">
      <Filter>Header Files</Filter>
    </ClInclude>
    <ClInclude Include="Source\Utility.h">
      <Filter>Header Files</Filter>
    </ClInclude>
    <ClInclude Include="Source\Material.h">
      <Filter>Header Files</Filter>
    </ClInclude>
    <ClInclude Include="Source\LoadTGA.h">
      <Filter>Header Files</Filter>
    </ClInclude>
    <ClInclude Include="Source\Camera3.h">
      <Filter>Header Files</Filter>
    </ClInclude>
    <ClInclude Include="Source\LoadOBJ.h">
      <Filter>Header Files</Filter>
    </ClInclude>
    <ClInclude Include="Source\Scene.h">
      <Filter>Header Files</Filter>
    </ClInclude>
    <ClInclude Include="Source\SceneBasic.h">
      <Filter>Header Files</Filter>
    </ClInclude>
    <ClInclude Include="Source\LoadTexture.h">
      <Filter>Header Files</Filter>
    </ClInclude>
    <ClInclude Include="Source\Loadcornercoord.h">
      <Filter>Header Files</Filter>
    </ClInclude>
    <ClInclude Include="Source\LoadHmap.h">
      <Filter>Header Files</Filter>
    </ClInclude>
    <ClInclude Include="Source\Obj.h">
      <Filter>Header Files</Filter>
    </ClInclude>
    <ClInclude Include="Source\SpriteAnimation.h">
      <Filter>Header Files</Filter>
    </ClInclude>
    <ClInclude Include="Source\Animation.h">
      <Filter>Header Files</Filter>
    </ClInclude>
    <ClInclude Include="Source\raytracing.h">
      <Filter>Header Files</Filter>
    </ClInclude>
    <ClInclude Include="Source\Particle.h">
      <Filter>Header Files</Filter>
    </ClInclude>
    <ClInclude Include="Source\ParticleSystem.h">
      <Filter>Header Files</Filter>
    </ClInclude>
    <ClInclude Include="Source\PartcleSystemManager.h">
      <Filter>Header Files</Filter>
    </ClInclude>
    <ClInclude Include="Source\DepthFBO.h">
      <Filter>Header Files</Filter>
    </ClInclude>
    <ClInclude Include="Source\cornercoord.h">
      <Filter>Header Files</Filter>
    </ClInclude>
    <ClInclude Include="Source\cornercoord.h">
      <Filter>Header Files</Filter>
    </ClInclude>
    <ClInclude Include="Source\Collision_detector.h">
      <Filter>Header Files</Filter>
    </ClInclude>
    <ClInclude Include="Source\Player.h">
      <Filter>Header Files</Filter>
    </ClInclude>
    <ClInclude Include="Source\Weapon\Projectile.h">
      <Filter>Header Files</Filter>
    </ClInclude>
    <ClInclude Include="Source\Weapon\Sniper.h">
      <Filter>Header Files</Filter>
    </ClInclude>
    <ClInclude Include="Source\Weapon\Weapon.h">
      <Filter>Header Files</Filter>
    </ClInclude>
    <ClInclude Include="Source\Weapon\Pistol.h">
      <Filter>Header Files</Filter>
    </ClInclude>
    <ClInclude Include="Source\Weapon\Shotgun.h">
      <Filter>Header Files</Filter>
    </ClInclude>
    <ClInclude Include="Source\Weapon\Taser.h">
      <Filter>Header Files</Filter>
    </ClInclude>
    <ClInclude Include="Source\Jump.h">
      <Filter>Header Files</Filter>
    </ClInclude>
    <ClInclude Include="Source\SceneMenu\SceneMenu.h">
      <Filter>Header Files</Filter>
    </ClInclude>
    <ClInclude Include="Source\Global_Constants\GAME_STATES.h">
      <Filter>Header Files</Filter>
    </ClInclude>
    <ClInclude Include="Source\SceneManager\SceneManager.h">
      <Filter>Header Files</Filter>
    </ClInclude>
    <ClInclude Include="Source\UNIFORM_TYPE.h">
      <Filter>Header Files</Filter>
    </ClInclude>
    <ClInclude Include="Source\Enemy.h">
      <Filter>Header Files</Filter>
    </ClInclude>
  </ItemGroup>
  <ItemGroup>
    <None Include="Shader\fog.fragmentshader" />
    <None Include="Shader\fog.vertexshader" />
    <None Include="Shader\GPass.fragmentshader" />
    <None Include="Shader\GPass.vertexshader" />
    <None Include="Shader\MultiTexture.fragmentshader" />
    <None Include="Shader\Shadow.fragmentshader" />
    <None Include="Shader\Shadow.vertexshader" />
    <None Include="Shader\Texture.vertexshader" />
    <None Include="Shader\Texture.vertexshader">
      <Filter>Shader</Filter>
    </None>
    <None Include="Shader\Shadow.vertexshader">
      <Filter>Shader</Filter>
    </None>
    <None Include="Shader\Shadow.fragmentshader">
      <Filter>Shader</Filter>
    </None>
    <None Include="Shader\MultiTexture.fragmentshader">
      <Filter>Shader</Filter>
    </None>
    <None Include="Shader\MinimapPass.vertexshader">
      <Filter>Shader</Filter>
    </None>
    <None Include="Shader\MinimapPass.fragmentshader">
      <Filter>Shader</Filter>
    </None>
    <None Include="Shader\GPass.vertexshader">
      <Filter>Shader</Filter>
    </None>
    <None Include="Shader\GPass.fragmentshader">
      <Filter>Shader</Filter>
    </None>
    <None Include="Shader\fog.vertexshader">
      <Filter>Shader</Filter>
    </None>
    <None Include="Shader\fog.fragmentshader">
      <Filter>Shader</Filter>
    </None>
  </ItemGroup>
  <ItemGroup>
    <Filter Include="Header Files">
      <UniqueIdentifier>{f9de6f78-7479-4af0-b7bd-b34a6e19a674}</UniqueIdentifier>
    </Filter>
    <Filter Include="Source FIles">
      <UniqueIdentifier>{740735dd-ce1b-4f69-9e18-2ff2203b4a75}</UniqueIdentifier>
    </Filter>
    <Filter Include="Shader">
      <UniqueIdentifier>{4528ec9c-191e-4870-a0f5-2463b63ab5ef}</UniqueIdentifier>
    </Filter>
  </ItemGroup>
</Project>